// !$*UTF8*$!
{
	archiveVersion = 1;
	classes = {
	};
	objectVersion = 48;
	objects = {

/* Begin PBXBuildFile section */
		51B353417546C4404218ACEF /* Pods_RatTrackiOS.framework in Frameworks */ = {isa = PBXBuildFile; fileRef = BDD71A4121115D0EF7CF166D /* Pods_RatTrackiOS.framework */; };
		59E38D123A427E69694B6195 /* Pods_RatTrackiOSTests.framework in Frameworks */ = {isa = PBXBuildFile; fileRef = A40759610E5C897C4BFED321 /* Pods_RatTrackiOSTests.framework */; };
		7677ABAD9592E08B199434BD /* Pods_RatTrackiOSUITests.framework in Frameworks */ = {isa = PBXBuildFile; fileRef = 927797FFD8E0A821C826DD58 /* Pods_RatTrackiOSUITests.framework */; };
		9C0F243B1FD291E80043F8AF /* Model.swift in Sources */ = {isa = PBXBuildFile; fileRef = 9C0F243A1FD291E80043F8AF /* Model.swift */; };
		9C0F24471FD370F70043F8AF /* Admin.swift in Sources */ = {isa = PBXBuildFile; fileRef = 9C0F24461FD370F70043F8AF /* Admin.swift */; };
		9C0F24491FD370FA0043F8AF /* Borough.swift in Sources */ = {isa = PBXBuildFile; fileRef = 9C0F24481FD370FA0043F8AF /* Borough.swift */; };
		9C0F244B1FD370FD0043F8AF /* Date.swift in Sources */ = {isa = PBXBuildFile; fileRef = 9C0F244A1FD370FD0043F8AF /* Date.swift */; };
		9C0F244D1FD3B98B0043F8AF /* MakeSightingViewController.swift in Sources */ = {isa = PBXBuildFile; fileRef = 9C0F244C1FD3B98B0043F8AF /* MakeSightingViewController.swift */; };
		9C0F244F1FD3BA660043F8AF /* MapViewController.swift in Sources */ = {isa = PBXBuildFile; fileRef = 9C0F244E1FD3BA660043F8AF /* MapViewController.swift */; };
		9C0F24511FD3BA9E0043F8AF /* SightingDetailViewController.swift in Sources */ = {isa = PBXBuildFile; fileRef = 9C0F24501FD3BA9E0043F8AF /* SightingDetailViewController.swift */; };
		9C0F24531FD3BAC10043F8AF /* ListViewController.swift in Sources */ = {isa = PBXBuildFile; fileRef = 9C0F24521FD3BAC10043F8AF /* ListViewController.swift */; };
		9C0F24551FD3BAD80043F8AF /* DateRangeViewController.swift in Sources */ = {isa = PBXBuildFile; fileRef = 9C0F24541FD3BAD80043F8AF /* DateRangeViewController.swift */; };
		9C0F24571FD3BD1C0043F8AF /* GraphViewController.swift in Sources */ = {isa = PBXBuildFile; fileRef = 9C0F24561FD3BD1C0043F8AF /* GraphViewController.swift */; };
		9C0F245C1FD3CBC00043F8AF /* Location.swift in Sources */ = {isa = PBXBuildFile; fileRef = 9C0F24581FD3CBC00043F8AF /* Location.swift */; };
		9C0F245D1FD3CBC00043F8AF /* RatSighting.swift in Sources */ = {isa = PBXBuildFile; fileRef = 9C0F24591FD3CBC00043F8AF /* RatSighting.swift */; };
		9C0F245E1FD3CBC00043F8AF /* LocationType.swift in Sources */ = {isa = PBXBuildFile; fileRef = 9C0F245A1FD3CBC00043F8AF /* LocationType.swift */; };
		9C0F245F1FD3CBC00043F8AF /* SightingManager.swift in Sources */ = {isa = PBXBuildFile; fileRef = 9C0F245B1FD3CBC00043F8AF /* SightingManager.swift */; };
		9C1468101FB506CE00B63D46 /* AppDelegate.swift in Sources */ = {isa = PBXBuildFile; fileRef = 9C14680F1FB506CE00B63D46 /* AppDelegate.swift */; };
		9C1468121FB506CE00B63D46 /* ViewController.swift in Sources */ = {isa = PBXBuildFile; fileRef = 9C1468111FB506CE00B63D46 /* ViewController.swift */; };
		9C1468151FB506CE00B63D46 /* Main.storyboard in Resources */ = {isa = PBXBuildFile; fileRef = 9C1468131FB506CE00B63D46 /* Main.storyboard */; };
		9C1468171FB506CE00B63D46 /* Assets.xcassets in Resources */ = {isa = PBXBuildFile; fileRef = 9C1468161FB506CE00B63D46 /* Assets.xcassets */; };
		9C14681A1FB506CE00B63D46 /* LaunchScreen.storyboard in Resources */ = {isa = PBXBuildFile; fileRef = 9C1468181FB506CE00B63D46 /* LaunchScreen.storyboard */; };
		9C1468251FB506CE00B63D46 /* RatTrackiOSTests.swift in Sources */ = {isa = PBXBuildFile; fileRef = 9C1468241FB506CE00B63D46 /* RatTrackiOSTests.swift */; };
		9C1468301FB506CE00B63D46 /* RatTrackiOSUITests.swift in Sources */ = {isa = PBXBuildFile; fileRef = 9C14682F1FB506CE00B63D46 /* RatTrackiOSUITests.swift */; };
		9C1A1BC51FD2570C0055E3F9 /* GoogleService-Info.plist in Resources */ = {isa = PBXBuildFile; fileRef = 9C1A1BC41FD2570C0055E3F9 /* GoogleService-Info.plist */; };
		9C1A1BC91FD25D740055E3F9 /* InAppViewController.swift in Sources */ = {isa = PBXBuildFile; fileRef = 9C1A1BC81FD25D740055E3F9 /* InAppViewController.swift */; };
		9C31AB8E1FD2698F0085ACE7 /* LoginViewController.swift in Sources */ = {isa = PBXBuildFile; fileRef = 9C31AB8D1FD2698F0085ACE7 /* LoginViewController.swift */; };
		9C31AB901FD26A320085ACE7 /* RegisterViewController.swift in Sources */ = {isa = PBXBuildFile; fileRef = 9C31AB8F1FD26A320085ACE7 /* RegisterViewController.swift */; };
		9C31AB931FD274B40085ACE7 /* AppUser.swift in Sources */ = {isa = PBXBuildFile; fileRef = 9C31AB921FD274B40085ACE7 /* AppUser.swift */; };
/* End PBXBuildFile section */

/* Begin PBXContainerItemProxy section */
		9C1468211FB506CE00B63D46 /* PBXContainerItemProxy */ = {
			isa = PBXContainerItemProxy;
			containerPortal = 9C1468041FB506CE00B63D46 /* Project object */;
			proxyType = 1;
			remoteGlobalIDString = 9C14680B1FB506CE00B63D46;
			remoteInfo = RatTrackiOS;
		};
		9C14682C1FB506CE00B63D46 /* PBXContainerItemProxy */ = {
			isa = PBXContainerItemProxy;
			containerPortal = 9C1468041FB506CE00B63D46 /* Project object */;
			proxyType = 1;
			remoteGlobalIDString = 9C14680B1FB506CE00B63D46;
			remoteInfo = RatTrackiOS;
		};
/* End PBXContainerItemProxy section */

/* Begin PBXFileReference section */
		68D5894C2EA3CFFFD99C1D73 /* Pods-RatTrackiOSTests.release.xcconfig */ = {isa = PBXFileReference; includeInIndex = 1; lastKnownFileType = text.xcconfig; name = "Pods-RatTrackiOSTests.release.xcconfig"; path = "Pods/Target Support Files/Pods-RatTrackiOSTests/Pods-RatTrackiOSTests.release.xcconfig"; sourceTree = "<group>"; };
		7C944B5CB105768E4D364FB4 /* Pods-RatTrackiOSUITests.release.xcconfig */ = {isa = PBXFileReference; includeInIndex = 1; lastKnownFileType = text.xcconfig; name = "Pods-RatTrackiOSUITests.release.xcconfig"; path = "Pods/Target Support Files/Pods-RatTrackiOSUITests/Pods-RatTrackiOSUITests.release.xcconfig"; sourceTree = "<group>"; };
		927797FFD8E0A821C826DD58 /* Pods_RatTrackiOSUITests.framework */ = {isa = PBXFileReference; explicitFileType = wrapper.framework; includeInIndex = 0; path = Pods_RatTrackiOSUITests.framework; sourceTree = BUILT_PRODUCTS_DIR; };
		9C0F243A1FD291E80043F8AF /* Model.swift */ = {isa = PBXFileReference; lastKnownFileType = sourcecode.swift; path = Model.swift; sourceTree = "<group>"; };
		9C0F24461FD370F70043F8AF /* Admin.swift */ = {isa = PBXFileReference; lastKnownFileType = sourcecode.swift; name = Admin.swift; path = "/Users/aguy/Other/getwreckt-cs2340/RatTrackiOS/RatTrackiOS/Model/Admin.swift"; sourceTree = "<absolute>"; };
		9C0F24481FD370FA0043F8AF /* Borough.swift */ = {isa = PBXFileReference; lastKnownFileType = sourcecode.swift; name = Borough.swift; path = "/Users/aguy/Other/getwreckt-cs2340/RatTrackiOS/RatTrackiOS/Model/Borough.swift"; sourceTree = "<absolute>"; };
		9C0F244A1FD370FD0043F8AF /* Date.swift */ = {isa = PBXFileReference; lastKnownFileType = sourcecode.swift; name = Date.swift; path = "/Users/aguy/Other/getwreckt-cs2340/RatTrackiOS/RatTrackiOS/Model/Date.swift"; sourceTree = "<absolute>"; };
		9C0F244C1FD3B98B0043F8AF /* MakeSightingViewController.swift */ = {isa = PBXFileReference; lastKnownFileType = sourcecode.swift; path = MakeSightingViewController.swift; sourceTree = "<group>"; };
		9C0F244E1FD3BA660043F8AF /* MapViewController.swift */ = {isa = PBXFileReference; lastKnownFileType = sourcecode.swift; path = MapViewController.swift; sourceTree = "<group>"; };
		9C0F24501FD3BA9E0043F8AF /* SightingDetailViewController.swift */ = {isa = PBXFileReference; lastKnownFileType = sourcecode.swift; path = SightingDetailViewController.swift; sourceTree = "<group>"; };
		9C0F24521FD3BAC10043F8AF /* ListViewController.swift */ = {isa = PBXFileReference; lastKnownFileType = sourcecode.swift; path = ListViewController.swift; sourceTree = "<group>"; };
		9C0F24541FD3BAD80043F8AF /* DateRangeViewController.swift */ = {isa = PBXFileReference; lastKnownFileType = sourcecode.swift; path = DateRangeViewController.swift; sourceTree = "<group>"; };
		9C0F24561FD3BD1C0043F8AF /* GraphViewController.swift */ = {isa = PBXFileReference; lastKnownFileType = sourcecode.swift; path = GraphViewController.swift; sourceTree = "<group>"; };
		9C0F24581FD3CBC00043F8AF /* Location.swift */ = {isa = PBXFileReference; fileEncoding = 4; lastKnownFileType = sourcecode.swift; path = Location.swift; sourceTree = "<group>"; };
		9C0F24591FD3CBC00043F8AF /* RatSighting.swift */ = {isa = PBXFileReference; fileEncoding = 4; lastKnownFileType = sourcecode.swift; path = RatSighting.swift; sourceTree = "<group>"; };
		9C0F245A1FD3CBC00043F8AF /* LocationType.swift */ = {isa = PBXFileReference; fileEncoding = 4; lastKnownFileType = sourcecode.swift; path = LocationType.swift; sourceTree = "<group>"; };
		9C0F245B1FD3CBC00043F8AF /* SightingManager.swift */ = {isa = PBXFileReference; fileEncoding = 4; lastKnownFileType = sourcecode.swift; path = SightingManager.swift; sourceTree = "<group>"; };
		9C14680C1FB506CE00B63D46 /* RatTrackiOS.app */ = {isa = PBXFileReference; explicitFileType = wrapper.application; includeInIndex = 0; path = RatTrackiOS.app; sourceTree = BUILT_PRODUCTS_DIR; };
		9C14680F1FB506CE00B63D46 /* AppDelegate.swift */ = {isa = PBXFileReference; lastKnownFileType = sourcecode.swift; path = AppDelegate.swift; sourceTree = "<group>"; };
		9C1468111FB506CE00B63D46 /* ViewController.swift */ = {isa = PBXFileReference; lastKnownFileType = sourcecode.swift; path = ViewController.swift; sourceTree = "<group>"; };
		9C1468141FB506CE00B63D46 /* Base */ = {isa = PBXFileReference; lastKnownFileType = file.storyboard; name = Base; path = Base.lproj/Main.storyboard; sourceTree = "<group>"; };
		9C1468161FB506CE00B63D46 /* Assets.xcassets */ = {isa = PBXFileReference; lastKnownFileType = folder.assetcatalog; path = Assets.xcassets; sourceTree = "<group>"; };
		9C1468191FB506CE00B63D46 /* Base */ = {isa = PBXFileReference; lastKnownFileType = file.storyboard; name = Base; path = Base.lproj/LaunchScreen.storyboard; sourceTree = "<group>"; };
		9C14681B1FB506CE00B63D46 /* Info.plist */ = {isa = PBXFileReference; lastKnownFileType = text.plist.xml; path = Info.plist; sourceTree = "<group>"; };
		9C1468201FB506CE00B63D46 /* RatTrackiOSTests.xctest */ = {isa = PBXFileReference; explicitFileType = wrapper.cfbundle; includeInIndex = 0; path = RatTrackiOSTests.xctest; sourceTree = BUILT_PRODUCTS_DIR; };
		9C1468241FB506CE00B63D46 /* RatTrackiOSTests.swift */ = {isa = PBXFileReference; lastKnownFileType = sourcecode.swift; path = RatTrackiOSTests.swift; sourceTree = "<group>"; };
		9C1468261FB506CE00B63D46 /* Info.plist */ = {isa = PBXFileReference; lastKnownFileType = text.plist.xml; path = Info.plist; sourceTree = "<group>"; };
		9C14682B1FB506CE00B63D46 /* RatTrackiOSUITests.xctest */ = {isa = PBXFileReference; explicitFileType = wrapper.cfbundle; includeInIndex = 0; path = RatTrackiOSUITests.xctest; sourceTree = BUILT_PRODUCTS_DIR; };
		9C14682F1FB506CE00B63D46 /* RatTrackiOSUITests.swift */ = {isa = PBXFileReference; lastKnownFileType = sourcecode.swift; path = RatTrackiOSUITests.swift; sourceTree = "<group>"; };
		9C1468311FB506CE00B63D46 /* Info.plist */ = {isa = PBXFileReference; lastKnownFileType = text.plist.xml; path = Info.plist; sourceTree = "<group>"; };
		9C1A1BC41FD2570C0055E3F9 /* GoogleService-Info.plist */ = {isa = PBXFileReference; fileEncoding = 4; lastKnownFileType = text.plist.xml; path = "GoogleService-Info.plist"; sourceTree = "<group>"; };
		9C1A1BC81FD25D740055E3F9 /* InAppViewController.swift */ = {isa = PBXFileReference; lastKnownFileType = sourcecode.swift; path = InAppViewController.swift; sourceTree = "<group>"; };
		9C31AB8D1FD2698F0085ACE7 /* LoginViewController.swift */ = {isa = PBXFileReference; lastKnownFileType = sourcecode.swift; path = LoginViewController.swift; sourceTree = "<group>"; };
		9C31AB8F1FD26A320085ACE7 /* RegisterViewController.swift */ = {isa = PBXFileReference; lastKnownFileType = sourcecode.swift; path = RegisterViewController.swift; sourceTree = "<group>"; };
		9C31AB921FD274B40085ACE7 /* AppUser.swift */ = {isa = PBXFileReference; lastKnownFileType = sourcecode.swift; path = AppUser.swift; sourceTree = "<group>"; };
		A40759610E5C897C4BFED321 /* Pods_RatTrackiOSTests.framework */ = {isa = PBXFileReference; explicitFileType = wrapper.framework; includeInIndex = 0; path = Pods_RatTrackiOSTests.framework; sourceTree = BUILT_PRODUCTS_DIR; };
		AABA03D15ADBA1926AC1121A /* Pods-RatTrackiOSTests.debug.xcconfig */ = {isa = PBXFileReference; includeInIndex = 1; lastKnownFileType = text.xcconfig; name = "Pods-RatTrackiOSTests.debug.xcconfig"; path = "Pods/Target Support Files/Pods-RatTrackiOSTests/Pods-RatTrackiOSTests.debug.xcconfig"; sourceTree = "<group>"; };
		B5954710392FE06CF602CDFE /* Pods-RatTrackiOS.debug.xcconfig */ = {isa = PBXFileReference; includeInIndex = 1; lastKnownFileType = text.xcconfig; name = "Pods-RatTrackiOS.debug.xcconfig"; path = "Pods/Target Support Files/Pods-RatTrackiOS/Pods-RatTrackiOS.debug.xcconfig"; sourceTree = "<group>"; };
		BADB07B398C5F086EC3B0DE8 /* Pods-RatTrackiOSUITests.debug.xcconfig */ = {isa = PBXFileReference; includeInIndex = 1; lastKnownFileType = text.xcconfig; name = "Pods-RatTrackiOSUITests.debug.xcconfig"; path = "Pods/Target Support Files/Pods-RatTrackiOSUITests/Pods-RatTrackiOSUITests.debug.xcconfig"; sourceTree = "<group>"; };
		BDD71A4121115D0EF7CF166D /* Pods_RatTrackiOS.framework */ = {isa = PBXFileReference; explicitFileType = wrapper.framework; includeInIndex = 0; path = Pods_RatTrackiOS.framework; sourceTree = BUILT_PRODUCTS_DIR; };
		E2F0FB8613944B1C8094A569 /* Pods-RatTrackiOS.release.xcconfig */ = {isa = PBXFileReference; includeInIndex = 1; lastKnownFileType = text.xcconfig; name = "Pods-RatTrackiOS.release.xcconfig"; path = "Pods/Target Support Files/Pods-RatTrackiOS/Pods-RatTrackiOS.release.xcconfig"; sourceTree = "<group>"; };
/* End PBXFileReference section */

/* Begin PBXFrameworksBuildPhase section */
		9C1468091FB506CE00B63D46 /* Frameworks */ = {
			isa = PBXFrameworksBuildPhase;
			buildActionMask = 2147483647;
			files = (
				51B353417546C4404218ACEF /* Pods_RatTrackiOS.framework in Frameworks */,
			);
			runOnlyForDeploymentPostprocessing = 0;
		};
		9C14681D1FB506CE00B63D46 /* Frameworks */ = {
			isa = PBXFrameworksBuildPhase;
			buildActionMask = 2147483647;
			files = (
				59E38D123A427E69694B6195 /* Pods_RatTrackiOSTests.framework in Frameworks */,
			);
			runOnlyForDeploymentPostprocessing = 0;
		};
		9C1468281FB506CE00B63D46 /* Frameworks */ = {
			isa = PBXFrameworksBuildPhase;
			buildActionMask = 2147483647;
			files = (
				7677ABAD9592E08B199434BD /* Pods_RatTrackiOSUITests.framework in Frameworks */,
			);
			runOnlyForDeploymentPostprocessing = 0;
		};
/* End PBXFrameworksBuildPhase section */

/* Begin PBXGroup section */
		027F1F0D082D883D416E0BC3 /* Frameworks */ = {
			isa = PBXGroup;
			children = (
				BDD71A4121115D0EF7CF166D /* Pods_RatTrackiOS.framework */,
				A40759610E5C897C4BFED321 /* Pods_RatTrackiOSTests.framework */,
				927797FFD8E0A821C826DD58 /* Pods_RatTrackiOSUITests.framework */,
			);
			name = Frameworks;
			sourceTree = "<group>";
		};
		9C1468031FB506CE00B63D46 = {
			isa = PBXGroup;
			children = (
				9C14680E1FB506CE00B63D46 /* RatTrackiOS */,
				9C1468231FB506CE00B63D46 /* RatTrackiOSTests */,
				9C14682E1FB506CE00B63D46 /* RatTrackiOSUITests */,
				9C14680D1FB506CE00B63D46 /* Products */,
				AD70BD503DCA8B00B210D77E /* Pods */,
				027F1F0D082D883D416E0BC3 /* Frameworks */,
			);
			sourceTree = "<group>";
		};
		9C14680D1FB506CE00B63D46 /* Products */ = {
			isa = PBXGroup;
			children = (
				9C14680C1FB506CE00B63D46 /* RatTrackiOS.app */,
				9C1468201FB506CE00B63D46 /* RatTrackiOSTests.xctest */,
				9C14682B1FB506CE00B63D46 /* RatTrackiOSUITests.xctest */,
			);
			name = Products;
			sourceTree = "<group>";
		};
		9C14680E1FB506CE00B63D46 /* RatTrackiOS */ = {
			isa = PBXGroup;
			children = (
				9C31AB911FD274A70085ACE7 /* Model */,
				9C1A1BC71FD25D130055E3F9 /* Controller */,
				9C1A1BC41FD2570C0055E3F9 /* GoogleService-Info.plist */,
				9C14680F1FB506CE00B63D46 /* AppDelegate.swift */,
				9C1468131FB506CE00B63D46 /* Main.storyboard */,
				9C1468161FB506CE00B63D46 /* Assets.xcassets */,
				9C1468181FB506CE00B63D46 /* LaunchScreen.storyboard */,
				9C14681B1FB506CE00B63D46 /* Info.plist */,
			);
			path = RatTrackiOS;
			sourceTree = "<group>";
		};
		9C1468231FB506CE00B63D46 /* RatTrackiOSTests */ = {
			isa = PBXGroup;
			children = (
				9C1468241FB506CE00B63D46 /* RatTrackiOSTests.swift */,
				9C1468261FB506CE00B63D46 /* Info.plist */,
			);
			path = RatTrackiOSTests;
			sourceTree = "<group>";
		};
		9C14682E1FB506CE00B63D46 /* RatTrackiOSUITests */ = {
			isa = PBXGroup;
			children = (
				9C14682F1FB506CE00B63D46 /* RatTrackiOSUITests.swift */,
				9C1468311FB506CE00B63D46 /* Info.plist */,
			);
			path = RatTrackiOSUITests;
			sourceTree = "<group>";
		};
		9C1A1BC71FD25D130055E3F9 /* Controller */ = {
			isa = PBXGroup;
			children = (
				9C1468111FB506CE00B63D46 /* ViewController.swift */,
				9C1A1BC81FD25D740055E3F9 /* InAppViewController.swift */,
				9C31AB8D1FD2698F0085ACE7 /* LoginViewController.swift */,
				9C31AB8F1FD26A320085ACE7 /* RegisterViewController.swift */,
				9C0F244C1FD3B98B0043F8AF /* MakeSightingViewController.swift */,
				9C0F244E1FD3BA660043F8AF /* MapViewController.swift */,
				9C0F24501FD3BA9E0043F8AF /* SightingDetailViewController.swift */,
				9C0F24521FD3BAC10043F8AF /* ListViewController.swift */,
				9C0F24541FD3BAD80043F8AF /* DateRangeViewController.swift */,
				9C0F24561FD3BD1C0043F8AF /* GraphViewController.swift */,
			);
			path = Controller;
			sourceTree = "<group>";
		};
		9C31AB911FD274A70085ACE7 /* Model */ = {
			isa = PBXGroup;
			children = (
				9C0F24581FD3CBC00043F8AF /* Location.swift */,
				9C0F245A1FD3CBC00043F8AF /* LocationType.swift */,
				9C0F24591FD3CBC00043F8AF /* RatSighting.swift */,
				9C0F245B1FD3CBC00043F8AF /* SightingManager.swift */,
				9C0F244A1FD370FD0043F8AF /* Date.swift */,
				9C0F24481FD370FA0043F8AF /* Borough.swift */,
				9C0F24461FD370F70043F8AF /* Admin.swift */,
				9C31AB921FD274B40085ACE7 /* AppUser.swift */,
				9C0F243A1FD291E80043F8AF /* Model.swift */,
			);
			path = Model;
			sourceTree = "<group>";
		};
		AD70BD503DCA8B00B210D77E /* Pods */ = {
			isa = PBXGroup;
			children = (
				B5954710392FE06CF602CDFE /* Pods-RatTrackiOS.debug.xcconfig */,
				E2F0FB8613944B1C8094A569 /* Pods-RatTrackiOS.release.xcconfig */,
				AABA03D15ADBA1926AC1121A /* Pods-RatTrackiOSTests.debug.xcconfig */,
				68D5894C2EA3CFFFD99C1D73 /* Pods-RatTrackiOSTests.release.xcconfig */,
				BADB07B398C5F086EC3B0DE8 /* Pods-RatTrackiOSUITests.debug.xcconfig */,
				7C944B5CB105768E4D364FB4 /* Pods-RatTrackiOSUITests.release.xcconfig */,
			);
			name = Pods;
			sourceTree = "<group>";
		};
/* End PBXGroup section */

/* Begin PBXNativeTarget section */
		9C14680B1FB506CE00B63D46 /* RatTrackiOS */ = {
			isa = PBXNativeTarget;
			buildConfigurationList = 9C1468341FB506CE00B63D46 /* Build configuration list for PBXNativeTarget "RatTrackiOS" */;
			buildPhases = (
				F8C01B21919BA4F28549A0A7 /* [CP] Check Pods Manifest.lock */,
				9C1468081FB506CE00B63D46 /* Sources */,
				9C1468091FB506CE00B63D46 /* Frameworks */,
				9C14680A1FB506CE00B63D46 /* Resources */,
				E453F41E1C1D0686860A76F7 /* [CP] Embed Pods Frameworks */,
				81BD554C3A7CCE7B65E376D4 /* [CP] Copy Pods Resources */,
			);
			buildRules = (
			);
			dependencies = (
			);
			name = RatTrackiOS;
			productName = RatTrackiOS;
			productReference = 9C14680C1FB506CE00B63D46 /* RatTrackiOS.app */;
			productType = "com.apple.product-type.application";
		};
		9C14681F1FB506CE00B63D46 /* RatTrackiOSTests */ = {
			isa = PBXNativeTarget;
			buildConfigurationList = 9C1468371FB506CE00B63D46 /* Build configuration list for PBXNativeTarget "RatTrackiOSTests" */;
			buildPhases = (
				165143B587E2C402C2D1FE51 /* [CP] Check Pods Manifest.lock */,
				9C14681C1FB506CE00B63D46 /* Sources */,
				9C14681D1FB506CE00B63D46 /* Frameworks */,
				9C14681E1FB506CE00B63D46 /* Resources */,
				69BC9BE5468B639BE0E1C375 /* [CP] Embed Pods Frameworks */,
				88DE1678DFA7F4E9D05B959D /* [CP] Copy Pods Resources */,
			);
			buildRules = (
			);
			dependencies = (
				9C1468221FB506CE00B63D46 /* PBXTargetDependency */,
			);
			name = RatTrackiOSTests;
			productName = RatTrackiOSTests;
			productReference = 9C1468201FB506CE00B63D46 /* RatTrackiOSTests.xctest */;
			productType = "com.apple.product-type.bundle.unit-test";
		};
		9C14682A1FB506CE00B63D46 /* RatTrackiOSUITests */ = {
			isa = PBXNativeTarget;
			buildConfigurationList = 9C14683A1FB506CE00B63D46 /* Build configuration list for PBXNativeTarget "RatTrackiOSUITests" */;
			buildPhases = (
				BA59C5335987678839787DC4 /* [CP] Check Pods Manifest.lock */,
				9C1468271FB506CE00B63D46 /* Sources */,
				9C1468281FB506CE00B63D46 /* Frameworks */,
				9C1468291FB506CE00B63D46 /* Resources */,
				6BC90CFE859FC22AF9B15A0C /* [CP] Embed Pods Frameworks */,
				14D4EEC2091757500C450FDF /* [CP] Copy Pods Resources */,
			);
			buildRules = (
			);
			dependencies = (
				9C14682D1FB506CE00B63D46 /* PBXTargetDependency */,
			);
			name = RatTrackiOSUITests;
			productName = RatTrackiOSUITests;
			productReference = 9C14682B1FB506CE00B63D46 /* RatTrackiOSUITests.xctest */;
			productType = "com.apple.product-type.bundle.ui-testing";
		};
/* End PBXNativeTarget section */

/* Begin PBXProject section */
		9C1468041FB506CE00B63D46 /* Project object */ = {
			isa = PBXProject;
			attributes = {
				LastSwiftUpdateCheck = 0910;
				LastUpgradeCheck = 0910;
				ORGANIZATIONNAME = getwreckt;
				TargetAttributes = {
					9C14680B1FB506CE00B63D46 = {
						CreatedOnToolsVersion = 9.1;
						ProvisioningStyle = Automatic;
					};
					9C14681F1FB506CE00B63D46 = {
						CreatedOnToolsVersion = 9.1;
						ProvisioningStyle = Automatic;
						TestTargetID = 9C14680B1FB506CE00B63D46;
					};
					9C14682A1FB506CE00B63D46 = {
						CreatedOnToolsVersion = 9.1;
						ProvisioningStyle = Automatic;
						TestTargetID = 9C14680B1FB506CE00B63D46;
					};
				};
			};
			buildConfigurationList = 9C1468071FB506CE00B63D46 /* Build configuration list for PBXProject "RatTrackiOS" */;
			compatibilityVersion = "Xcode 8.0";
			developmentRegion = en;
			hasScannedForEncodings = 0;
			knownRegions = (
				en,
				Base,
			);
			mainGroup = 9C1468031FB506CE00B63D46;
			productRefGroup = 9C14680D1FB506CE00B63D46 /* Products */;
			projectDirPath = "";
			projectRoot = "";
			targets = (
				9C14680B1FB506CE00B63D46 /* RatTrackiOS */,
				9C14681F1FB506CE00B63D46 /* RatTrackiOSTests */,
				9C14682A1FB506CE00B63D46 /* RatTrackiOSUITests */,
			);
		};
/* End PBXProject section */

/* Begin PBXResourcesBuildPhase section */
		9C14680A1FB506CE00B63D46 /* Resources */ = {
			isa = PBXResourcesBuildPhase;
			buildActionMask = 2147483647;
			files = (
				9C14681A1FB506CE00B63D46 /* LaunchScreen.storyboard in Resources */,
				9C1A1BC51FD2570C0055E3F9 /* GoogleService-Info.plist in Resources */,
				9C1468171FB506CE00B63D46 /* Assets.xcassets in Resources */,
				9C1468151FB506CE00B63D46 /* Main.storyboard in Resources */,
			);
			runOnlyForDeploymentPostprocessing = 0;
		};
		9C14681E1FB506CE00B63D46 /* Resources */ = {
			isa = PBXResourcesBuildPhase;
			buildActionMask = 2147483647;
			files = (
			);
			runOnlyForDeploymentPostprocessing = 0;
		};
		9C1468291FB506CE00B63D46 /* Resources */ = {
			isa = PBXResourcesBuildPhase;
			buildActionMask = 2147483647;
			files = (
			);
			runOnlyForDeploymentPostprocessing = 0;
		};
/* End PBXResourcesBuildPhase section */

/* Begin PBXShellScriptBuildPhase section */
		14D4EEC2091757500C450FDF /* [CP] Copy Pods Resources */ = {
			isa = PBXShellScriptBuildPhase;
			buildActionMask = 2147483647;
			files = (
			);
			inputPaths = (
			);
			name = "[CP] Copy Pods Resources";
			outputPaths = (
			);
			runOnlyForDeploymentPostprocessing = 0;
			shellPath = /bin/sh;
			shellScript = "\"${SRCROOT}/Pods/Target Support Files/Pods-RatTrackiOSUITests/Pods-RatTrackiOSUITests-resources.sh\"\n";
			showEnvVarsInLog = 0;
		};
		165143B587E2C402C2D1FE51 /* [CP] Check Pods Manifest.lock */ = {
			isa = PBXShellScriptBuildPhase;
			buildActionMask = 2147483647;
			files = (
			);
			inputPaths = (
				"${PODS_PODFILE_DIR_PATH}/Podfile.lock",
				"${PODS_ROOT}/Manifest.lock",
			);
			name = "[CP] Check Pods Manifest.lock";
			outputPaths = (
				"$(DERIVED_FILE_DIR)/Pods-RatTrackiOSTests-checkManifestLockResult.txt",
			);
			runOnlyForDeploymentPostprocessing = 0;
			shellPath = /bin/sh;
			shellScript = "diff \"${PODS_PODFILE_DIR_PATH}/Podfile.lock\" \"${PODS_ROOT}/Manifest.lock\" > /dev/null\nif [ $? != 0 ] ; then\n    # print error to STDERR\n    echo \"error: The sandbox is not in sync with the Podfile.lock. Run 'pod install' or update your CocoaPods installation.\" >&2\n    exit 1\nfi\n# This output is used by Xcode 'outputs' to avoid re-running this script phase.\necho \"SUCCESS\" > \"${SCRIPT_OUTPUT_FILE_0}\"\n";
			showEnvVarsInLog = 0;
		};
		69BC9BE5468B639BE0E1C375 /* [CP] Embed Pods Frameworks */ = {
			isa = PBXShellScriptBuildPhase;
			buildActionMask = 2147483647;
			files = (
			);
			inputPaths = (
			);
			name = "[CP] Embed Pods Frameworks";
			outputPaths = (
			);
			runOnlyForDeploymentPostprocessing = 0;
			shellPath = /bin/sh;
			shellScript = "\"${SRCROOT}/Pods/Target Support Files/Pods-RatTrackiOSTests/Pods-RatTrackiOSTests-frameworks.sh\"\n";
			showEnvVarsInLog = 0;
		};
		6BC90CFE859FC22AF9B15A0C /* [CP] Embed Pods Frameworks */ = {
			isa = PBXShellScriptBuildPhase;
			buildActionMask = 2147483647;
			files = (
			);
			inputPaths = (
			);
			name = "[CP] Embed Pods Frameworks";
			outputPaths = (
			);
			runOnlyForDeploymentPostprocessing = 0;
			shellPath = /bin/sh;
			shellScript = "\"${SRCROOT}/Pods/Target Support Files/Pods-RatTrackiOSUITests/Pods-RatTrackiOSUITests-frameworks.sh\"\n";
			showEnvVarsInLog = 0;
		};
		81BD554C3A7CCE7B65E376D4 /* [CP] Copy Pods Resources */ = {
			isa = PBXShellScriptBuildPhase;
			buildActionMask = 2147483647;
			files = (
			);
			inputPaths = (
			);
			name = "[CP] Copy Pods Resources";
			outputPaths = (
			);
			runOnlyForDeploymentPostprocessing = 0;
			shellPath = /bin/sh;
			shellScript = "\"${SRCROOT}/Pods/Target Support Files/Pods-RatTrackiOS/Pods-RatTrackiOS-resources.sh\"\n";
			showEnvVarsInLog = 0;
		};
		88DE1678DFA7F4E9D05B959D /* [CP] Copy Pods Resources */ = {
			isa = PBXShellScriptBuildPhase;
			buildActionMask = 2147483647;
			files = (
			);
			inputPaths = (
			);
			name = "[CP] Copy Pods Resources";
			outputPaths = (
			);
			runOnlyForDeploymentPostprocessing = 0;
			shellPath = /bin/sh;
			shellScript = "\"${SRCROOT}/Pods/Target Support Files/Pods-RatTrackiOSTests/Pods-RatTrackiOSTests-resources.sh\"\n";
			showEnvVarsInLog = 0;
		};
		BA59C5335987678839787DC4 /* [CP] Check Pods Manifest.lock */ = {
			isa = PBXShellScriptBuildPhase;
			buildActionMask = 2147483647;
			files = (
			);
			inputPaths = (
				"${PODS_PODFILE_DIR_PATH}/Podfile.lock",
				"${PODS_ROOT}/Manifest.lock",
			);
			name = "[CP] Check Pods Manifest.lock";
			outputPaths = (
				"$(DERIVED_FILE_DIR)/Pods-RatTrackiOSUITests-checkManifestLockResult.txt",
			);
			runOnlyForDeploymentPostprocessing = 0;
			shellPath = /bin/sh;
			shellScript = "diff \"${PODS_PODFILE_DIR_PATH}/Podfile.lock\" \"${PODS_ROOT}/Manifest.lock\" > /dev/null\nif [ $? != 0 ] ; then\n    # print error to STDERR\n    echo \"error: The sandbox is not in sync with the Podfile.lock. Run 'pod install' or update your CocoaPods installation.\" >&2\n    exit 1\nfi\n# This output is used by Xcode 'outputs' to avoid re-running this script phase.\necho \"SUCCESS\" > \"${SCRIPT_OUTPUT_FILE_0}\"\n";
			showEnvVarsInLog = 0;
		};
		E453F41E1C1D0686860A76F7 /* [CP] Embed Pods Frameworks */ = {
			isa = PBXShellScriptBuildPhase;
			buildActionMask = 2147483647;
			files = (
			);
			inputPaths = (
				"${SRCROOT}/Pods/Target Support Files/Pods-RatTrackiOS/Pods-RatTrackiOS-frameworks.sh",
				"${BUILT_PRODUCTS_DIR}/GTMSessionFetcher/GTMSessionFetcher.framework",
				"${BUILT_PRODUCTS_DIR}/GoogleToolboxForMac/GoogleToolboxForMac.framework",
				"${BUILT_PRODUCTS_DIR}/leveldb-library/leveldb.framework",
				"${BUILT_PRODUCTS_DIR}/nanopb/nanopb.framework",
			);
			name = "[CP] Embed Pods Frameworks";
			outputPaths = (
				"${TARGET_BUILD_DIR}/${FRAMEWORKS_FOLDER_PATH}/GTMSessionFetcher.framework",
				"${TARGET_BUILD_DIR}/${FRAMEWORKS_FOLDER_PATH}/GoogleToolboxForMac.framework",
				"${TARGET_BUILD_DIR}/${FRAMEWORKS_FOLDER_PATH}/leveldb.framework",
				"${TARGET_BUILD_DIR}/${FRAMEWORKS_FOLDER_PATH}/nanopb.framework",
			);
			runOnlyForDeploymentPostprocessing = 0;
			shellPath = /bin/sh;
			shellScript = "\"${SRCROOT}/Pods/Target Support Files/Pods-RatTrackiOS/Pods-RatTrackiOS-frameworks.sh\"\n";
			showEnvVarsInLog = 0;
		};
		F8C01B21919BA4F28549A0A7 /* [CP] Check Pods Manifest.lock */ = {
			isa = PBXShellScriptBuildPhase;
			buildActionMask = 2147483647;
			files = (
			);
			inputPaths = (
				"${PODS_PODFILE_DIR_PATH}/Podfile.lock",
				"${PODS_ROOT}/Manifest.lock",
			);
			name = "[CP] Check Pods Manifest.lock";
			outputPaths = (
				"$(DERIVED_FILE_DIR)/Pods-RatTrackiOS-checkManifestLockResult.txt",
			);
			runOnlyForDeploymentPostprocessing = 0;
			shellPath = /bin/sh;
			shellScript = "diff \"${PODS_PODFILE_DIR_PATH}/Podfile.lock\" \"${PODS_ROOT}/Manifest.lock\" > /dev/null\nif [ $? != 0 ] ; then\n    # print error to STDERR\n    echo \"error: The sandbox is not in sync with the Podfile.lock. Run 'pod install' or update your CocoaPods installation.\" >&2\n    exit 1\nfi\n# This output is used by Xcode 'outputs' to avoid re-running this script phase.\necho \"SUCCESS\" > \"${SCRIPT_OUTPUT_FILE_0}\"\n";
			showEnvVarsInLog = 0;
		};
/* End PBXShellScriptBuildPhase section */

/* Begin PBXSourcesBuildPhase section */
		9C1468081FB506CE00B63D46 /* Sources */ = {
			isa = PBXSourcesBuildPhase;
			buildActionMask = 2147483647;
			files = (
				9C0F243B1FD291E80043F8AF /* Model.swift in Sources */,
				9C0F244B1FD370FD0043F8AF /* Date.swift in Sources */,
				9C31AB8E1FD2698F0085ACE7 /* LoginViewController.swift in Sources */,
				9C31AB901FD26A320085ACE7 /* RegisterViewController.swift in Sources */,
				9C31AB931FD274B40085ACE7 /* AppUser.swift in Sources */,
				9C0F245E1FD3CBC00043F8AF /* LocationType.swift in Sources */,
				9C0F245C1FD3CBC00043F8AF /* Location.swift in Sources */,
				9C0F24571FD3BD1C0043F8AF /* GraphViewController.swift in Sources */,
				9C0F245F1FD3CBC00043F8AF /* SightingManager.swift in Sources */,
				9C1468121FB506CE00B63D46 /* ViewController.swift in Sources */,
				9C0F24531FD3BAC10043F8AF /* ListViewController.swift in Sources */,
				9C0F24491FD370FA0043F8AF /* Borough.swift in Sources */,
				9C0F244F1FD3BA660043F8AF /* MapViewController.swift in Sources */,
				9C0F24511FD3BA9E0043F8AF /* SightingDetailViewController.swift in Sources */,
				9C0F245D1FD3CBC00043F8AF /* RatSighting.swift in Sources */,
				9C1468101FB506CE00B63D46 /* AppDelegate.swift in Sources */,
				9C1A1BC91FD25D740055E3F9 /* InAppViewController.swift in Sources */,
				9C0F24471FD370F70043F8AF /* Admin.swift in Sources */,
				9C0F244D1FD3B98B0043F8AF /* MakeSightingViewController.swift in Sources */,
				9C0F24551FD3BAD80043F8AF /* DateRangeViewController.swift in Sources */,
			);
			runOnlyForDeploymentPostprocessing = 0;
		};
		9C14681C1FB506CE00B63D46 /* Sources */ = {
			isa = PBXSourcesBuildPhase;
			buildActionMask = 2147483647;
			files = (
				9C1468251FB506CE00B63D46 /* RatTrackiOSTests.swift in Sources */,
			);
			runOnlyForDeploymentPostprocessing = 0;
		};
		9C1468271FB506CE00B63D46 /* Sources */ = {
			isa = PBXSourcesBuildPhase;
			buildActionMask = 2147483647;
			files = (
				9C1468301FB506CE00B63D46 /* RatTrackiOSUITests.swift in Sources */,
			);
			runOnlyForDeploymentPostprocessing = 0;
		};
/* End PBXSourcesBuildPhase section */

/* Begin PBXTargetDependency section */
		9C1468221FB506CE00B63D46 /* PBXTargetDependency */ = {
			isa = PBXTargetDependency;
			target = 9C14680B1FB506CE00B63D46 /* RatTrackiOS */;
			targetProxy = 9C1468211FB506CE00B63D46 /* PBXContainerItemProxy */;
		};
		9C14682D1FB506CE00B63D46 /* PBXTargetDependency */ = {
			isa = PBXTargetDependency;
			target = 9C14680B1FB506CE00B63D46 /* RatTrackiOS */;
			targetProxy = 9C14682C1FB506CE00B63D46 /* PBXContainerItemProxy */;
		};
/* End PBXTargetDependency section */

/* Begin PBXVariantGroup section */
		9C1468131FB506CE00B63D46 /* Main.storyboard */ = {
			isa = PBXVariantGroup;
			children = (
				9C1468141FB506CE00B63D46 /* Base */,
			);
			name = Main.storyboard;
			sourceTree = "<group>";
		};
		9C1468181FB506CE00B63D46 /* LaunchScreen.storyboard */ = {
			isa = PBXVariantGroup;
			children = (
				9C1468191FB506CE00B63D46 /* Base */,
			);
			name = LaunchScreen.storyboard;
			sourceTree = "<group>";
		};
/* End PBXVariantGroup section */

/* Begin XCBuildConfiguration section */
		9C1468321FB506CE00B63D46 /* Debug */ = {
			isa = XCBuildConfiguration;
			buildSettings = {
				ALWAYS_SEARCH_USER_PATHS = NO;
				CLANG_ANALYZER_NONNULL = YES;
				CLANG_ANALYZER_NUMBER_OBJECT_CONVERSION = YES_AGGRESSIVE;
				CLANG_CXX_LANGUAGE_STANDARD = "gnu++14";
				CLANG_CXX_LIBRARY = "libc++";
				CLANG_ENABLE_MODULES = YES;
				CLANG_ENABLE_OBJC_ARC = YES;
				CLANG_WARN_BLOCK_CAPTURE_AUTORELEASING = YES;
				CLANG_WARN_BOOL_CONVERSION = YES;
				CLANG_WARN_COMMA = YES;
				CLANG_WARN_CONSTANT_CONVERSION = YES;
				CLANG_WARN_DIRECT_OBJC_ISA_USAGE = YES_ERROR;
				CLANG_WARN_DOCUMENTATION_COMMENTS = YES;
				CLANG_WARN_EMPTY_BODY = YES;
				CLANG_WARN_ENUM_CONVERSION = YES;
				CLANG_WARN_INFINITE_RECURSION = YES;
				CLANG_WARN_INT_CONVERSION = YES;
				CLANG_WARN_NON_LITERAL_NULL_CONVERSION = YES;
				CLANG_WARN_OBJC_LITERAL_CONVERSION = YES;
				CLANG_WARN_OBJC_ROOT_CLASS = YES_ERROR;
				CLANG_WARN_RANGE_LOOP_ANALYSIS = YES;
				CLANG_WARN_STRICT_PROTOTYPES = YES;
				CLANG_WARN_SUSPICIOUS_MOVE = YES;
				CLANG_WARN_UNGUARDED_AVAILABILITY = YES_AGGRESSIVE;
				CLANG_WARN_UNREACHABLE_CODE = YES;
				CLANG_WARN__DUPLICATE_METHOD_MATCH = YES;
				CODE_SIGN_IDENTITY = "iPhone Developer";
				COPY_PHASE_STRIP = NO;
				DEBUG_INFORMATION_FORMAT = dwarf;
				ENABLE_STRICT_OBJC_MSGSEND = YES;
				ENABLE_TESTABILITY = YES;
				GCC_C_LANGUAGE_STANDARD = gnu11;
				GCC_DYNAMIC_NO_PIC = NO;
				GCC_NO_COMMON_BLOCKS = YES;
				GCC_OPTIMIZATION_LEVEL = 0;
				GCC_PREPROCESSOR_DEFINITIONS = (
					"DEBUG=1",
					"$(inherited)",
				);
				GCC_WARN_64_TO_32_BIT_CONVERSION = YES;
				GCC_WARN_ABOUT_RETURN_TYPE = YES_ERROR;
				GCC_WARN_UNDECLARED_SELECTOR = YES;
				GCC_WARN_UNINITIALIZED_AUTOS = YES_AGGRESSIVE;
				GCC_WARN_UNUSED_FUNCTION = YES;
				GCC_WARN_UNUSED_VARIABLE = YES;
				IPHONEOS_DEPLOYMENT_TARGET = 11.1;
				MTL_ENABLE_DEBUG_INFO = YES;
				ONLY_ACTIVE_ARCH = YES;
				SDKROOT = iphoneos;
				SWIFT_ACTIVE_COMPILATION_CONDITIONS = DEBUG;
				SWIFT_OPTIMIZATION_LEVEL = "-Onone";
			};
			name = Debug;
		};
		9C1468331FB506CE00B63D46 /* Release */ = {
			isa = XCBuildConfiguration;
			buildSettings = {
				ALWAYS_SEARCH_USER_PATHS = NO;
				CLANG_ANALYZER_NONNULL = YES;
				CLANG_ANALYZER_NUMBER_OBJECT_CONVERSION = YES_AGGRESSIVE;
				CLANG_CXX_LANGUAGE_STANDARD = "gnu++14";
				CLANG_CXX_LIBRARY = "libc++";
				CLANG_ENABLE_MODULES = YES;
				CLANG_ENABLE_OBJC_ARC = YES;
				CLANG_WARN_BLOCK_CAPTURE_AUTORELEASING = YES;
				CLANG_WARN_BOOL_CONVERSION = YES;
				CLANG_WARN_COMMA = YES;
				CLANG_WARN_CONSTANT_CONVERSION = YES;
				CLANG_WARN_DIRECT_OBJC_ISA_USAGE = YES_ERROR;
				CLANG_WARN_DOCUMENTATION_COMMENTS = YES;
				CLANG_WARN_EMPTY_BODY = YES;
				CLANG_WARN_ENUM_CONVERSION = YES;
				CLANG_WARN_INFINITE_RECURSION = YES;
				CLANG_WARN_INT_CONVERSION = YES;
				CLANG_WARN_NON_LITERAL_NULL_CONVERSION = YES;
				CLANG_WARN_OBJC_LITERAL_CONVERSION = YES;
				CLANG_WARN_OBJC_ROOT_CLASS = YES_ERROR;
				CLANG_WARN_RANGE_LOOP_ANALYSIS = YES;
				CLANG_WARN_STRICT_PROTOTYPES = YES;
				CLANG_WARN_SUSPICIOUS_MOVE = YES;
				CLANG_WARN_UNGUARDED_AVAILABILITY = YES_AGGRESSIVE;
				CLANG_WARN_UNREACHABLE_CODE = YES;
				CLANG_WARN__DUPLICATE_METHOD_MATCH = YES;
				CODE_SIGN_IDENTITY = "iPhone Developer";
				COPY_PHASE_STRIP = NO;
				DEBUG_INFORMATION_FORMAT = "dwarf-with-dsym";
				ENABLE_NS_ASSERTIONS = NO;
				ENABLE_STRICT_OBJC_MSGSEND = YES;
				GCC_C_LANGUAGE_STANDARD = gnu11;
				GCC_NO_COMMON_BLOCKS = YES;
				GCC_WARN_64_TO_32_BIT_CONVERSION = YES;
				GCC_WARN_ABOUT_RETURN_TYPE = YES_ERROR;
				GCC_WARN_UNDECLARED_SELECTOR = YES;
				GCC_WARN_UNINITIALIZED_AUTOS = YES_AGGRESSIVE;
				GCC_WARN_UNUSED_FUNCTION = YES;
				GCC_WARN_UNUSED_VARIABLE = YES;
				IPHONEOS_DEPLOYMENT_TARGET = 11.1;
				MTL_ENABLE_DEBUG_INFO = NO;
				SDKROOT = iphoneos;
				SWIFT_OPTIMIZATION_LEVEL = "-Owholemodule";
				VALIDATE_PRODUCT = YES;
			};
			name = Release;
		};
		9C1468351FB506CE00B63D46 /* Debug */ = {
			isa = XCBuildConfiguration;
			baseConfigurationReference = B5954710392FE06CF602CDFE /* Pods-RatTrackiOS.debug.xcconfig */;
			buildSettings = {
				ASSETCATALOG_COMPILER_APPICON_NAME = AppIcon;
				"CODE_SIGN_IDENTITY[sdk=iphoneos*]" = "iPhone Developer";
				CODE_SIGN_STYLE = Automatic;
				DEVELOPMENT_TEAM = CMMF7R252Q;
				INFOPLIST_FILE = RatTrackiOS/Info.plist;
				IPHONEOS_DEPLOYMENT_TARGET = 10.0;
				LD_RUNPATH_SEARCH_PATHS = "$(inherited) @executable_path/Frameworks";
				PRODUCT_BUNDLE_IDENTIFIER = getwreckt.RatTrackiOS;
				PRODUCT_NAME = "$(TARGET_NAME)";
				PROVISIONING_PROFILE_SPECIFIER = "";
				SWIFT_VERSION = 4.0;
				TARGETED_DEVICE_FAMILY = "1,2";
			};
			name = Debug;
		};
		9C1468361FB506CE00B63D46 /* Release */ = {
			isa = XCBuildConfiguration;
			baseConfigurationReference = E2F0FB8613944B1C8094A569 /* Pods-RatTrackiOS.release.xcconfig */;
			buildSettings = {
				ASSETCATALOG_COMPILER_APPICON_NAME = AppIcon;
				"CODE_SIGN_IDENTITY[sdk=iphoneos*]" = "iPhone Developer";
				CODE_SIGN_STYLE = Automatic;
				DEVELOPMENT_TEAM = CMMF7R252Q;
				INFOPLIST_FILE = RatTrackiOS/Info.plist;
				IPHONEOS_DEPLOYMENT_TARGET = 10.0;
				LD_RUNPATH_SEARCH_PATHS = "$(inherited) @executable_path/Frameworks";
				PRODUCT_BUNDLE_IDENTIFIER = getwreckt.RatTrackiOS;
				PRODUCT_NAME = "$(TARGET_NAME)";
				PROVISIONING_PROFILE_SPECIFIER = "";
				SWIFT_VERSION = 4.0;
				TARGETED_DEVICE_FAMILY = "1,2";
			};
			name = Release;
		};
		9C1468381FB506CE00B63D46 /* Debug */ = {
			isa = XCBuildConfiguration;
			baseConfigurationReference = AABA03D15ADBA1926AC1121A /* Pods-RatTrackiOSTests.debug.xcconfig */;
			buildSettings = {
				ALWAYS_EMBED_SWIFT_STANDARD_LIBRARIES = YES;
				BUNDLE_LOADER = "$(TEST_HOST)";
				CODE_SIGN_STYLE = Automatic;
				INFOPLIST_FILE = RatTrackiOSTests/Info.plist;
				LD_RUNPATH_SEARCH_PATHS = "$(inherited) @executable_path/Frameworks @loader_path/Frameworks";
				PRODUCT_BUNDLE_IDENTIFIER = getwreckt.RatTrackiOSTests;
				PRODUCT_NAME = "$(TARGET_NAME)";
				SWIFT_VERSION = 4.0;
				TARGETED_DEVICE_FAMILY = "1,2";
				TEST_HOST = "$(BUILT_PRODUCTS_DIR)/RatTrackiOS.app/RatTrackiOS";
			};
			name = Debug;
		};
		9C1468391FB506CE00B63D46 /* Release */ = {
			isa = XCBuildConfiguration;
			baseConfigurationReference = 68D5894C2EA3CFFFD99C1D73 /* Pods-RatTrackiOSTests.release.xcconfig */;
			buildSettings = {
				ALWAYS_EMBED_SWIFT_STANDARD_LIBRARIES = YES;
				BUNDLE_LOADER = "$(TEST_HOST)";
				CODE_SIGN_STYLE = Automatic;
				INFOPLIST_FILE = RatTrackiOSTests/Info.plist;
				LD_RUNPATH_SEARCH_PATHS = "$(inherited) @executable_path/Frameworks @loader_path/Frameworks";
				PRODUCT_BUNDLE_IDENTIFIER = getwreckt.RatTrackiOSTests;
				PRODUCT_NAME = "$(TARGET_NAME)";
				SWIFT_VERSION = 4.0;
				TARGETED_DEVICE_FAMILY = "1,2";
				TEST_HOST = "$(BUILT_PRODUCTS_DIR)/RatTrackiOS.app/RatTrackiOS";
			};
			name = Release;
		};
		9C14683B1FB506CE00B63D46 /* Debug */ = {
			isa = XCBuildConfiguration;
			baseConfigurationReference = BADB07B398C5F086EC3B0DE8 /* Pods-RatTrackiOSUITests.debug.xcconfig */;
			buildSettings = {
				ALWAYS_EMBED_SWIFT_STANDARD_LIBRARIES = YES;
				CODE_SIGN_STYLE = Automatic;
				INFOPLIST_FILE = RatTrackiOSUITests/Info.plist;
				LD_RUNPATH_SEARCH_PATHS = "$(inherited) @executable_path/Frameworks @loader_path/Frameworks";
				PRODUCT_BUNDLE_IDENTIFIER = getwreckt.RatTrackiOSUITests;
				PRODUCT_NAME = "$(TARGET_NAME)";
				SWIFT_VERSION = 4.0;
				TARGETED_DEVICE_FAMILY = "1,2";
				TEST_TARGET_NAME = RatTrackiOS;
			};
			name = Debug;
		};
		9C14683C1FB506CE00B63D46 /* Release */ = {
			isa = XCBuildConfiguration;
			baseConfigurationReference = 7C944B5CB105768E4D364FB4 /* Pods-RatTrackiOSUITests.release.xcconfig */;
			buildSettings = {
				ALWAYS_EMBED_SWIFT_STANDARD_LIBRARIES = YES;
				CODE_SIGN_STYLE = Automatic;
				INFOPLIST_FILE = RatTrackiOSUITests/Info.plist;
				LD_RUNPATH_SEARCH_PATHS = "$(inherited) @executable_path/Frameworks @loader_path/Frameworks";
				PRODUCT_BUNDLE_IDENTIFIER = getwreckt.RatTrackiOSUITests;
				PRODUCT_NAME = "$(TARGET_NAME)";
				SWIFT_VERSION = 4.0;
				TARGETED_DEVICE_FAMILY = "1,2";
				TEST_TARGET_NAME = RatTrackiOS;
			};
			name = Release;
		};
/* End XCBuildConfiguration section */

/* Begin XCConfigurationList section */
		9C1468071FB506CE00B63D46 /* Build configuration list for PBXProject "RatTrackiOS" */ = {
			isa = XCConfigurationList;
			buildConfigurations = (
				9C1468321FB506CE00B63D46 /* Debug */,
				9C1468331FB506CE00B63D46 /* Release */,
			);
			defaultConfigurationIsVisible = 0;
			defaultConfigurationName = Release;
		};
		9C1468341FB506CE00B63D46 /* Build configuration list for PBXNativeTarget "RatTrackiOS" */ = {
			isa = XCConfigurationList;
			buildConfigurations = (
				9C1468351FB506CE00B63D46 /* Debug */,
				9C1468361FB506CE00B63D46 /* Release */,
			);
			defaultConfigurationIsVisible = 0;
			defaultConfigurationName = Release;
		};
		9C1468371FB506CE00B63D46 /* Build configuration list for PBXNativeTarget "RatTrackiOSTests" */ = {
			isa = XCConfigurationList;
			buildConfigurations = (
				9C1468381FB506CE00B63D46 /* Debug */,
				9C1468391FB506CE00B63D46 /* Release */,
			);
			defaultConfigurationIsVisible = 0;
			defaultConfigurationName = Release;
		};
		9C14683A1FB506CE00B63D46 /* Build configuration list for PBXNativeTarget "RatTrackiOSUITests" */ = {
			isa = XCConfigurationList;
			buildConfigurations = (
				9C14683B1FB506CE00B63D46 /* Debug */,
				9C14683C1FB506CE00B63D46 /* Release */,
			);
			defaultConfigurationIsVisible = 0;
			defaultConfigurationName = Release;
		};
/* End XCConfigurationList section */
	};
	rootObject = 9C1468041FB506CE00B63D46 /* Project object */;
}
